{
  "version": "5",
  "specifiers": {
    "jsr:@hono/hono@4": "4.8.3"
  },
  "jsr": {
    "@hono/hono@4.8.3": {
      "integrity": "f17509836610b97e9ec86bce5349387115c35ee72b7b29fd2b7944abe5f843ab"
    }
  },
  "remote": {
    "https://deno.land/std@0.207.0/async/delay.ts": "a6142eb44cdd856b645086af2b811b1fcce08ec06bb7d50969e6a872ee9b8659",
    "https://deno.land/std@0.207.0/http/server.ts": "f3cde6672e631d3e00785743cfa96bfed275618c0352c5ae84abbe5a2e0e4afc"
  },
  "workspace": {
    "dependencies": [
      "jsr:@hono/hono@4"
    ],
    "packageJson": {
      "dependencies": [
        "npm:@cloudflare/workers-types@^4.20240529.0",
        "npm:express@^5.1.0",
        "npm:hono@^4.8.3",
        "npm:itty-router@^2.6.6",
        "npm:node-fetch@^3.3.2",
        "npm:typescript@^5.5.3",
        "npm:uuid@9",
        "npm:wrangler@^3.60.0"
      ]
    }
  }
}
